
Microsoft Visual Studio Solution File, Format Version 12.00
# Visual Studio Version 17
VisualStudioVersion = 17.4.33213.308
MinimumVisualStudioVersion = 10.0.40219.1
Project("{FAE04EC0-301F-11D3-BF4B-00C04F79EFBC}") = "COMP003A.LectureActivity2", "COMP003A.LectureActivity2\COMP003A.LectureActivity2.csproj", "{C774A90B-BE03-480C-BE00-5C955E79C566}"
EndProject
Global
	GlobalSection(SolutionConfigurationPlatforms) = preSolution
		Debug|Any CPU = Debug|Any CPU
		Release|Any CPU = Release|Any CPU
	EndGlobalSection
	GlobalSection(ProjectConfigurationPlatforms) = postSolution
		{C774A90B-BE03-480C-BE00-5C955E79C566}.Debug|Any CPU.ActiveCfg = Debug|Any CPU
		{C774A90B-BE03-480C-BE00-5C955E79C566}.Debug|Any CPU.Build.0 = Debug|Any CPU
		{C774A90B-BE03-480C-BE00-5C955E79C566}.Release|Any CPU.ActiveCfg = Release|Any CPU
		{C774A90B-BE03-480C-BE00-5C955E79C566}.Release|Any CPU.Build.0 = Release|Any CPU
	EndGlobalSection
	GlobalSection(SolutionProperties) = preSolution
		HideSolutionNode = FALSE
	EndGlobalSection
	GlobalSection(ExtensibilityGlobals) = postSolution
		SolutionGuid = {733CF4C5-9BFD-4458-982C-919ED68FEA9C}
	EndGlobalSection
EndGlobal
